
Microsoft Visual Studio Solution File, Format Version 12.00
# Visual Studio Version 17
VisualStudioVersion = 17.0.31903.59
MinimumVisualStudioVersion = 10.0.40219.1
Project("{2150E333-8FDC-42A3-9474-1A3956D46DE8}") = "src", "src", "{E3D18531-DB79-4328-BC8E-3299E0CE19F7}"
EndProject
Project("{9A19103F-16F7-4668-BE54-9A1E7A4F7556}") = "Events.API", "src\Events.API\Events.API.csproj", "{B102C6E2-8E3D-401D-A87B-590910E8276C}"
EndProject
Project("{9A19103F-16F7-4668-BE54-9A1E7A4F7556}") = "IdentityAspNetIdentity", "src\IdentityAspNetIdentity\IdentityAspNetIdentity.csproj", "{0A74B3E5-4878-42C9-BFF5-0A5930004967}"
EndProject
Global
	GlobalSection(SolutionConfigurationPlatforms) = preSolution
		Debug|Any CPU = Debug|Any CPU
		Release|Any CPU = Release|Any CPU
	EndGlobalSection
	GlobalSection(ProjectConfigurationPlatforms) = postSolution
		{B102C6E2-8E3D-401D-A87B-590910E8276C}.Debug|Any CPU.ActiveCfg = Debug|Any CPU
		{B102C6E2-8E3D-401D-A87B-590910E8276C}.Debug|Any CPU.Build.0 = Debug|Any CPU
		{B102C6E2-8E3D-401D-A87B-590910E8276C}.Release|Any CPU.ActiveCfg = Release|Any CPU
		{B102C6E2-8E3D-401D-A87B-590910E8276C}.Release|Any CPU.Build.0 = Release|Any CPU
		{0A74B3E5-4878-42C9-BFF5-0A5930004967}.Debug|Any CPU.ActiveCfg = Debug|Any CPU
		{0A74B3E5-4878-42C9-BFF5-0A5930004967}.Debug|Any CPU.Build.0 = Debug|Any CPU
		{0A74B3E5-4878-42C9-BFF5-0A5930004967}.Release|Any CPU.ActiveCfg = Release|Any CPU
		{0A74B3E5-4878-42C9-BFF5-0A5930004967}.Release|Any CPU.Build.0 = Release|Any CPU
	EndGlobalSection
	GlobalSection(SolutionProperties) = preSolution
		HideSolutionNode = FALSE
	EndGlobalSection
	GlobalSection(NestedProjects) = preSolution
		{B102C6E2-8E3D-401D-A87B-590910E8276C} = {E3D18531-DB79-4328-BC8E-3299E0CE19F7}
		{0A74B3E5-4878-42C9-BFF5-0A5930004967} = {E3D18531-DB79-4328-BC8E-3299E0CE19F7}
	EndGlobalSection
	GlobalSection(ExtensibilityGlobals) = postSolution
		SolutionGuid = {BA586981-CB8F-4DE3-ADF8-D76B661C4715}
	EndGlobalSection
EndGlobal
